
Microsoft Visual Studio Solution File, Format Version 12.00
# Visual Studio Version 17
VisualStudioVersion = 17.5.002.0
MinimumVisualStudioVersion = 10.0.40219.1
Project("{9A19103F-16F7-4668-BE54-9A1E7A4F7556}") = "Biblioteca", "Biblioteca.csproj", "{776D65C2-432B-4151-891C-2372C6B51186}"
EndProject
Global
	GlobalSection(SolutionConfigurationPlatforms) = preSolution
		Debug|Any CPU = Debug|Any CPU
		Release|Any CPU = Release|Any CPU
	EndGlobalSection
	GlobalSection(ProjectConfigurationPlatforms) = postSolution
		{776D65C2-432B-4151-891C-2372C6B51186}.Debug|Any CPU.ActiveCfg = Debug|Any CPU
		{776D65C2-432B-4151-891C-2372C6B51186}.Debug|Any CPU.Build.0 = Debug|Any CPU
		{776D65C2-432B-4151-891C-2372C6B51186}.Release|Any CPU.ActiveCfg = Release|Any CPU
		{776D65C2-432B-4151-891C-2372C6B51186}.Release|Any CPU.Build.0 = Release|Any CPU
	EndGlobalSection
	GlobalSection(SolutionProperties) = preSolution
		HideSolutionNode = FALSE
	EndGlobalSection
	GlobalSection(ExtensibilityGlobals) = postSolution
		SolutionGuid = {E371B816-7E32-428E-AC60-AC62518B5479}
	EndGlobalSection
EndGlobal
